# THIS IS AN AUTOGENERATED FILE. DO NOT EDIT THIS FILE DIRECTLY.
# yarn lockfile v1


react-confetti@^6.1.0:
  version "6.1.0"
  resolved "https://registry.yarnpkg.com/react-confetti/-/react-confetti-6.1.0.tgz#03dc4340d955acd10b174dbf301f374a06e29ce6"
  integrity sha512-7Ypx4vz0+g8ECVxr88W9zhcQpbeujJAVqL14ZnXJ3I23mOI9/oBVTQ3dkJhUmB0D6XOtCZEM6N0Gm9PMngkORw==
  dependencies:
    tween-functions "^1.2.0"

tween-functions@^1.2.0:
  version "1.2.0"
  resolved "https://registry.yarnpkg.com/tween-functions/-/tween-functions-1.2.0.tgz#1ae3a50e7c60bb3def774eac707acbca73bbc3ff"
  integrity sha512-PZBtLYcCLtEcjL14Fzb1gSxPBeL7nWvGhO5ZFPGqziCcr8uvHp0NDmdjBchp6KHL+tExcg0m3NISmKxhU394dA==
